
Microsoft Visual Studio Solution File, Format Version 10.00
# Visual Studio 2008
Project("{FAE04EC0-301F-11D3-BF4B-00C04F79EFBC}") = "Matrix", "Matrix\Matrix.csproj", "{E88054D7-0175-4910-A3FC-EA20A0FB7525}"
EndProject
Global
	GlobalSection(SolutionConfigurationPlatforms) = preSolution
		Debug|Any CPU = Debug|Any CPU
		Release|Any CPU = Release|Any CPU
	EndGlobalSection
	GlobalSection(ProjectConfigurationPlatforms) = postSolution
		{E88054D7-0175-4910-A3FC-EA20A0FB7525}.Debug|Any CPU.ActiveCfg = Debug|Any CPU
		{E88054D7-0175-4910-A3FC-EA20A0FB7525}.Debug|Any CPU.Build.0 = Debug|Any CPU
		{E88054D7-0175-4910-A3FC-EA20A0FB7525}.Release|Any CPU.ActiveCfg = Release|Any CPU
		{E88054D7-0175-4910-A3FC-EA20A0FB7525}.Release|Any CPU.Build.0 = Release|Any CPU
	EndGlobalSection
	GlobalSection(SolutionProperties) = preSolution
		HideSolutionNode = FALSE
	EndGlobalSection
EndGlobal
